
Microsoft Visual Studio Solution File, Format Version 12.00
# Visual Studio 14
VisualStudioVersion = 14.0.25420.1
MinimumVisualStudioVersion = 10.0.40219.1
Project("{2150E333-8FDC-42A3-9474-1A3956D46DE8}") = "src", "src", "{23B158AA-A3D1-44FE-B5D0-5A8EF148170E}"
EndProject
Project("{2150E333-8FDC-42A3-9474-1A3956D46DE8}") = "Solution Items", "Solution Items", "{37D50FA7-4E8A-4727-9926-92DB7A71947D}"
	ProjectSection(SolutionItems) = preProject
		global.json = global.json
	EndProjectSection
EndProject
Project("{8BB2217D-0F2D-49D1-97BC-3654ED321F3B}") = "ResharperRepro", "src\ResharperRepro\ResharperRepro.xproj", "{67CAF4B4-7707-4618-9060-4EFE57891F7E}"
EndProject
Global
	GlobalSection(SolutionConfigurationPlatforms) = preSolution
		Debug|Any CPU = Debug|Any CPU
		Release|Any CPU = Release|Any CPU
	EndGlobalSection
	GlobalSection(ProjectConfigurationPlatforms) = postSolution
		{67CAF4B4-7707-4618-9060-4EFE57891F7E}.Debug|Any CPU.ActiveCfg = Debug|Any CPU
		{67CAF4B4-7707-4618-9060-4EFE57891F7E}.Debug|Any CPU.Build.0 = Debug|Any CPU
		{67CAF4B4-7707-4618-9060-4EFE57891F7E}.Release|Any CPU.ActiveCfg = Release|Any CPU
		{67CAF4B4-7707-4618-9060-4EFE57891F7E}.Release|Any CPU.Build.0 = Release|Any CPU
	EndGlobalSection
	GlobalSection(SolutionProperties) = preSolution
		HideSolutionNode = FALSE
	EndGlobalSection
	GlobalSection(NestedProjects) = preSolution
		{67CAF4B4-7707-4618-9060-4EFE57891F7E} = {23B158AA-A3D1-44FE-B5D0-5A8EF148170E}
	EndGlobalSection
EndGlobal
